
Microsoft Visual Studio Solution File, Format Version 12.00
# Visual Studio 15
VisualStudioVersion = 15.0.28010.2003
MinimumVisualStudioVersion = 10.0.40219.1
Project("{FAE04EC0-301F-11D3-BF4B-00C04F79EFBC}") = "Question_9_and_10", "Question_9_and_10\Question_9_and_10.csproj", "{3382A59F-4850-4E80-ADE3-69B03B366E8E}"
EndProject
Global
	GlobalSection(SolutionConfigurationPlatforms) = preSolution
		Debug|Any CPU = Debug|Any CPU
		Release|Any CPU = Release|Any CPU
	EndGlobalSection
	GlobalSection(ProjectConfigurationPlatforms) = postSolution
		{3382A59F-4850-4E80-ADE3-69B03B366E8E}.Debug|Any CPU.ActiveCfg = Debug|Any CPU
		{3382A59F-4850-4E80-ADE3-69B03B366E8E}.Debug|Any CPU.Build.0 = Debug|Any CPU
		{3382A59F-4850-4E80-ADE3-69B03B366E8E}.Release|Any CPU.ActiveCfg = Release|Any CPU
		{3382A59F-4850-4E80-ADE3-69B03B366E8E}.Release|Any CPU.Build.0 = Release|Any CPU
	EndGlobalSection
	GlobalSection(SolutionProperties) = preSolution
		HideSolutionNode = FALSE
	EndGlobalSection
	GlobalSection(ExtensibilityGlobals) = postSolution
		SolutionGuid = {0EB72229-5639-4973-A4D8-9F1C0ECA7361}
	EndGlobalSection
EndGlobal
