
Microsoft Visual Studio Solution File, Format Version 12.00
# Visual Studio 15
VisualStudioVersion = 15.0.28010.2003
MinimumVisualStudioVersion = 10.0.40219.1
Project("{FAE04EC0-301F-11D3-BF4B-00C04F79EFBC}") = "Question_2", "Question_2\Question_2.csproj", "{79B81D39-8B16-45A8-8DAF-B3D57BC70316}"
EndProject
Global
	GlobalSection(SolutionConfigurationPlatforms) = preSolution
		Debug|Any CPU = Debug|Any CPU
		Release|Any CPU = Release|Any CPU
	EndGlobalSection
	GlobalSection(ProjectConfigurationPlatforms) = postSolution
		{79B81D39-8B16-45A8-8DAF-B3D57BC70316}.Debug|Any CPU.ActiveCfg = Debug|Any CPU
		{79B81D39-8B16-45A8-8DAF-B3D57BC70316}.Debug|Any CPU.Build.0 = Debug|Any CPU
		{79B81D39-8B16-45A8-8DAF-B3D57BC70316}.Release|Any CPU.ActiveCfg = Release|Any CPU
		{79B81D39-8B16-45A8-8DAF-B3D57BC70316}.Release|Any CPU.Build.0 = Release|Any CPU
	EndGlobalSection
	GlobalSection(SolutionProperties) = preSolution
		HideSolutionNode = FALSE
	EndGlobalSection
	GlobalSection(ExtensibilityGlobals) = postSolution
		SolutionGuid = {16AEE2D4-0412-400B-B24F-01583E2A81BE}
	EndGlobalSection
EndGlobal
