
Microsoft Visual Studio Solution File, Format Version 12.00
# Visual Studio 15
VisualStudioVersion = 15.0.28010.2003
MinimumVisualStudioVersion = 10.0.40219.1
Project("{FAE04EC0-301F-11D3-BF4B-00C04F79EFBC}") = "Question_6", "Question_6\Question_6.csproj", "{D94A83EB-7AF0-430E-AA3E-3E7EBA6C9A94}"
EndProject
Global
	GlobalSection(SolutionConfigurationPlatforms) = preSolution
		Debug|Any CPU = Debug|Any CPU
		Release|Any CPU = Release|Any CPU
	EndGlobalSection
	GlobalSection(ProjectConfigurationPlatforms) = postSolution
		{D94A83EB-7AF0-430E-AA3E-3E7EBA6C9A94}.Debug|Any CPU.ActiveCfg = Debug|Any CPU
		{D94A83EB-7AF0-430E-AA3E-3E7EBA6C9A94}.Debug|Any CPU.Build.0 = Debug|Any CPU
		{D94A83EB-7AF0-430E-AA3E-3E7EBA6C9A94}.Release|Any CPU.ActiveCfg = Release|Any CPU
		{D94A83EB-7AF0-430E-AA3E-3E7EBA6C9A94}.Release|Any CPU.Build.0 = Release|Any CPU
	EndGlobalSection
	GlobalSection(SolutionProperties) = preSolution
		HideSolutionNode = FALSE
	EndGlobalSection
	GlobalSection(ExtensibilityGlobals) = postSolution
		SolutionGuid = {8B541A37-D026-46C9-82EC-EA910923E953}
	EndGlobalSection
EndGlobal
