
Microsoft Visual Studio Solution File, Format Version 12.00
# Visual Studio 15
VisualStudioVersion = 15.0.28010.2003
MinimumVisualStudioVersion = 10.0.40219.1
Project("{FAE04EC0-301F-11D3-BF4B-00C04F79EFBC}") = "Question_6", "Question_6\Question_6.csproj", "{839AE6E2-4F6C-4678-B612-881B8CA4E8D6}"
EndProject
Global
	GlobalSection(SolutionConfigurationPlatforms) = preSolution
		Debug|Any CPU = Debug|Any CPU
		Release|Any CPU = Release|Any CPU
	EndGlobalSection
	GlobalSection(ProjectConfigurationPlatforms) = postSolution
		{839AE6E2-4F6C-4678-B612-881B8CA4E8D6}.Debug|Any CPU.ActiveCfg = Debug|Any CPU
		{839AE6E2-4F6C-4678-B612-881B8CA4E8D6}.Debug|Any CPU.Build.0 = Debug|Any CPU
		{839AE6E2-4F6C-4678-B612-881B8CA4E8D6}.Release|Any CPU.ActiveCfg = Release|Any CPU
		{839AE6E2-4F6C-4678-B612-881B8CA4E8D6}.Release|Any CPU.Build.0 = Release|Any CPU
	EndGlobalSection
	GlobalSection(SolutionProperties) = preSolution
		HideSolutionNode = FALSE
	EndGlobalSection
	GlobalSection(ExtensibilityGlobals) = postSolution
		SolutionGuid = {9B7B1F1A-FF11-4BE3-9F48-877D08A3F5F0}
	EndGlobalSection
EndGlobal
